<?xml version="1.0" encoding="utf-8"?>
<Project ToolsVersion="4.0" xmlns="http://schemas.microsoft.com/developer/msbuild/2003">
  <ItemGroup>
    <Filter Include="Source Files">
      <UniqueIdentifier>{356269ed-27ae-43bb-b27d-34a214497fa4}</UniqueIdentifier>
    </Filter>
    <Filter Include="Header Files">
      <UniqueIdentifier>{be3b86d0-d83c-4b46-9f82-1382efa231d0}</UniqueIdentifier>
    </Filter>
    <Filter Include="Resource Files">
      <UniqueIdentifier>{67DA6AB6-F800-4c08-8B7A-83BB121AAD01}</UniqueIdentifier>
      <Extensions>rc;ico;cur;bmp;dlg;rc2;rct;bin;rgs;gif;jpg;jpeg;jpe;resx;tiff;tif;png;wav</Extensions>
    </Filter>
  </ItemGroup>
  <ItemGroup>
    <ClCompile Include="wxEC.cpp">
      <Filter>Source Files</Filter>
    </ClCompile>
    <ClCompile Include="wxEcOutputCppFile.cpp">
      <Filter>Source Files</Filter>
    </ClCompile>
    <ClCompile Include="wxEcOutputHdrFile.cpp">
      <Filter>Source Files</Filter>
    </ClCompile>
  </ItemGroup>
  <ItemGroup>
    <ClInclude Include="wxEcCppData.h">
      <Filter>Header Files</Filter>
    </ClInclude>
    <ClInclude Include="wxECh.h">
      <Filter>Header Files</Filter>
    </ClInclude>
    <ClInclude Include="wxEcHdrData.h">
      <Filter>Header Files</Filter>
    </ClInclude>
    <ClInclude Include="wxEcPreprocdefsh.h">
      <Filter>Header Files</Filter>
    </ClInclude>
  </ItemGroup>
  <ItemGroup>
    <ResourceCompile Include="rc\wxECr.rc">
      <Filter>Resource Files</Filter>
    </ResourceCompile>
  </ItemGroup>
</Project>