
Microsoft Visual Studio Solution File, Format Version 12.00
# Visual Studio 14
VisualStudioVersion = 14.0.25420.1
MinimumVisualStudioVersion = 10.0.40219.1
Project("{8BC9CEB8-8B4A-11D0-8D11-00A0C91BC942}") = "wxEC", "wxEC.vcxproj", "{901189D5-ED0C-4A52-99A4-4294EDD5B469}"
	ProjectSection(ProjectDependencies) = postProject
		{DE1BEE8B-6A08-4714-BAF5-DA76DE15788B} = {DE1BEE8B-6A08-4714-BAF5-DA76DE15788B}
	EndProjectSection
EndProject
Project("{8BC9CEB8-8B4A-11D0-8D11-00A0C91BC942}") = "Inno", "Inno\Inno.vcxproj", "{0023AC3A-CC31-4016-87D6-943BE4FB5F3D}"
	ProjectSection(ProjectDependencies) = postProject
		{DE1BEE8B-6A08-4714-BAF5-DA76DE15788B} = {DE1BEE8B-6A08-4714-BAF5-DA76DE15788B}
		{901189D5-ED0C-4A52-99A4-4294EDD5B469} = {901189D5-ED0C-4A52-99A4-4294EDD5B469}
	EndProjectSection
EndProject
Project("{8BC9CEB8-8B4A-11D0-8D11-00A0C91BC942}") = "verLib", "verLib\verLib.vcxproj", "{DE1BEE8B-6A08-4714-BAF5-DA76DE15788B}"
EndProject
Global
	GlobalSection(SolutionConfigurationPlatforms) = preSolution
		DebUniStat|Win32 = DebUniStat|Win32
		RelUniStat|Win32 = RelUniStat|Win32
	EndGlobalSection
	GlobalSection(ProjectConfigurationPlatforms) = postSolution
		{901189D5-ED0C-4A52-99A4-4294EDD5B469}.DebUniStat|Win32.ActiveCfg = DebUniStat|Win32
		{901189D5-ED0C-4A52-99A4-4294EDD5B469}.DebUniStat|Win32.Build.0 = DebUniStat|Win32
		{901189D5-ED0C-4A52-99A4-4294EDD5B469}.RelUniStat|Win32.ActiveCfg = RelUniStat|Win32
		{901189D5-ED0C-4A52-99A4-4294EDD5B469}.RelUniStat|Win32.Build.0 = RelUniStat|Win32
		{0023AC3A-CC31-4016-87D6-943BE4FB5F3D}.DebUniStat|Win32.ActiveCfg = DebUniStat|Win32
		{0023AC3A-CC31-4016-87D6-943BE4FB5F3D}.DebUniStat|Win32.Build.0 = DebUniStat|Win32
		{0023AC3A-CC31-4016-87D6-943BE4FB5F3D}.RelUniStat|Win32.ActiveCfg = RelUniStat|Win32
		{0023AC3A-CC31-4016-87D6-943BE4FB5F3D}.RelUniStat|Win32.Build.0 = RelUniStat|Win32
		{DE1BEE8B-6A08-4714-BAF5-DA76DE15788B}.DebUniStat|Win32.ActiveCfg = DebUniStat|Win32
		{DE1BEE8B-6A08-4714-BAF5-DA76DE15788B}.DebUniStat|Win32.Build.0 = DebUniStat|Win32
		{DE1BEE8B-6A08-4714-BAF5-DA76DE15788B}.RelUniStat|Win32.ActiveCfg = RelUniStat|Win32
		{DE1BEE8B-6A08-4714-BAF5-DA76DE15788B}.RelUniStat|Win32.Build.0 = RelUniStat|Win32
	EndGlobalSection
	GlobalSection(SolutionProperties) = preSolution
		HideSolutionNode = FALSE
	EndGlobalSection
EndGlobal
